
Microsoft Visual Studio Solution File, Format Version 12.00
# Visual Studio Version 16
VisualStudioVersion = 16.0.31911.196
MinimumVisualStudioVersion = 10.0.40219.1
Project("{FAE04EC0-301F-11D3-BF4B-00C04F79EFBC}") = "ProgrammerBlog.Entities", "ProgrammerBlog.Entities\ProgrammerBlog.Entities.csproj", "{40A607C8-4853-4840-B2C9-DAE18EBDACF9}"
EndProject
Project("{FAE04EC0-301F-11D3-BF4B-00C04F79EFBC}") = "ProgrammerBlog.Data", "ProgrammerBlog.Data\ProgrammerBlog.Data.csproj", "{77E08209-63E7-4777-BB13-961549025DB5}"
EndProject
Project("{FAE04EC0-301F-11D3-BF4B-00C04F79EFBC}") = "ProgrammerBlog.Services", "ProgrammerBlog.Services\ProgrammerBlog.Services.csproj", "{77958980-F292-4705-ADA6-0DD00EC8EF40}"
EndProject
Project("{FAE04EC0-301F-11D3-BF4B-00C04F79EFBC}") = "ProgrammerBlog.Shared", "ProgrammerBlog.Shared\ProgrammerBlog.Shared.csproj", "{35FEFF0C-B0E3-4D7F-8D73-AFBF406C8B2E}"
EndProject
Project("{FAE04EC0-301F-11D3-BF4B-00C04F79EFBC}") = "ProgrammerBlog.Mvc", "ProgrammerBlog.Mvc\ProgrammerBlog.Mvc.csproj", "{1172A428-EC6D-4DB9-8621-8CE518D1B4E0}"
EndProject
Global
	GlobalSection(SolutionConfigurationPlatforms) = preSolution
		Debug|Any CPU = Debug|Any CPU
		Release|Any CPU = Release|Any CPU
	EndGlobalSection
	GlobalSection(ProjectConfigurationPlatforms) = postSolution
		{40A607C8-4853-4840-B2C9-DAE18EBDACF9}.Debug|Any CPU.ActiveCfg = Debug|Any CPU
		{40A607C8-4853-4840-B2C9-DAE18EBDACF9}.Debug|Any CPU.Build.0 = Debug|Any CPU
		{40A607C8-4853-4840-B2C9-DAE18EBDACF9}.Release|Any CPU.ActiveCfg = Release|Any CPU
		{40A607C8-4853-4840-B2C9-DAE18EBDACF9}.Release|Any CPU.Build.0 = Release|Any CPU
		{77E08209-63E7-4777-BB13-961549025DB5}.Debug|Any CPU.ActiveCfg = Debug|Any CPU
		{77E08209-63E7-4777-BB13-961549025DB5}.Debug|Any CPU.Build.0 = Debug|Any CPU
		{77E08209-63E7-4777-BB13-961549025DB5}.Release|Any CPU.ActiveCfg = Release|Any CPU
		{77E08209-63E7-4777-BB13-961549025DB5}.Release|Any CPU.Build.0 = Release|Any CPU
		{77958980-F292-4705-ADA6-0DD00EC8EF40}.Debug|Any CPU.ActiveCfg = Debug|Any CPU
		{77958980-F292-4705-ADA6-0DD00EC8EF40}.Debug|Any CPU.Build.0 = Debug|Any CPU
		{77958980-F292-4705-ADA6-0DD00EC8EF40}.Release|Any CPU.ActiveCfg = Release|Any CPU
		{77958980-F292-4705-ADA6-0DD00EC8EF40}.Release|Any CPU.Build.0 = Release|Any CPU
		{35FEFF0C-B0E3-4D7F-8D73-AFBF406C8B2E}.Debug|Any CPU.ActiveCfg = Debug|Any CPU
		{35FEFF0C-B0E3-4D7F-8D73-AFBF406C8B2E}.Debug|Any CPU.Build.0 = Debug|Any CPU
		{35FEFF0C-B0E3-4D7F-8D73-AFBF406C8B2E}.Release|Any CPU.ActiveCfg = Release|Any CPU
		{35FEFF0C-B0E3-4D7F-8D73-AFBF406C8B2E}.Release|Any CPU.Build.0 = Release|Any CPU
		{1172A428-EC6D-4DB9-8621-8CE518D1B4E0}.Debug|Any CPU.ActiveCfg = Debug|Any CPU
		{1172A428-EC6D-4DB9-8621-8CE518D1B4E0}.Debug|Any CPU.Build.0 = Debug|Any CPU
		{1172A428-EC6D-4DB9-8621-8CE518D1B4E0}.Release|Any CPU.ActiveCfg = Release|Any CPU
		{1172A428-EC6D-4DB9-8621-8CE518D1B4E0}.Release|Any CPU.Build.0 = Release|Any CPU
	EndGlobalSection
	GlobalSection(SolutionProperties) = preSolution
		HideSolutionNode = FALSE
	EndGlobalSection
	GlobalSection(ExtensibilityGlobals) = postSolution
		SolutionGuid = {797411F2-E41D-4808-93AC-AB189EA3EE7B}
	EndGlobalSection
EndGlobal
